
Microsoft Visual Studio Solution File, Format Version 12.00
# Visual Studio 15
VisualStudioVersion = 15.0.28307.421
MinimumVisualStudioVersion = 10.0.40219.1
Project("{9A19103F-16F7-4668-BE54-9A1E7A4F7556}") = "Planta", "Planta\Planta.csproj", "{F803A5FC-1598-4F0D-9B73-DC6063A78F8C}"
EndProject
Global
	GlobalSection(SolutionConfigurationPlatforms) = preSolution
		Debug|Any CPU = Debug|Any CPU
		Release|Any CPU = Release|Any CPU
	EndGlobalSection
	GlobalSection(ProjectConfigurationPlatforms) = postSolution
		{F803A5FC-1598-4F0D-9B73-DC6063A78F8C}.Debug|Any CPU.ActiveCfg = Debug|Any CPU
		{F803A5FC-1598-4F0D-9B73-DC6063A78F8C}.Debug|Any CPU.Build.0 = Debug|Any CPU
		{F803A5FC-1598-4F0D-9B73-DC6063A78F8C}.Release|Any CPU.ActiveCfg = Release|Any CPU
		{F803A5FC-1598-4F0D-9B73-DC6063A78F8C}.Release|Any CPU.Build.0 = Release|Any CPU
	EndGlobalSection
	GlobalSection(SolutionProperties) = preSolution
		HideSolutionNode = FALSE
	EndGlobalSection
	GlobalSection(ExtensibilityGlobals) = postSolution
		SolutionGuid = {2B44EFBD-F443-4D8F-9D33-331DB3438995}
	EndGlobalSection
EndGlobal
